
Microsoft Visual Studio Solution File, Format Version 12.00
# Visual Studio Version 17
VisualStudioVersion = 17.0.31903.59
MinimumVisualStudioVersion = 10.0.40219.1
Project("{FAE04EC0-301F-11D3-BF4B-00C04F79EFBC}") = "RpaWinUiComponents", "RpaWinUiComponents\RpaWinUiComponents.csproj", "{2AE819E6-9342-4DBF-8BF2-33747B7BB55A}"
EndProject
Project("{FAE04EC0-301F-11D3-BF4B-00C04F79EFBC}") = "RpaWinUiComponents.Demo", "RpaWinUiComponents.Demo\RpaWinUiComponents.Demo.csproj", "{10F946A1-4572-4F73-B4DD-916D905408FF}"
EndProject
Global
	GlobalSection(SolutionConfigurationPlatforms) = preSolution
		Debug|Any CPU = Debug|Any CPU
		Release|Any CPU = Release|Any CPU
	EndGlobalSection
	GlobalSection(ProjectConfigurationPlatforms) = postSolution
		{2AE819E6-9342-4DBF-8BF2-33747B7BB55A}.Debug|Any CPU.ActiveCfg = Debug|Any CPU
		{2AE819E6-9342-4DBF-8BF2-33747B7BB55A}.Debug|Any CPU.Build.0 = Debug|Any CPU
		{2AE819E6-9342-4DBF-8BF2-33747B7BB55A}.Release|Any CPU.ActiveCfg = Release|Any CPU
		{2AE819E6-9342-4DBF-8BF2-33747B7BB55A}.Release|Any CPU.Build.0 = Release|Any CPU
		{10F946A1-4572-4F73-B4DD-916D905408FF}.Debug|Any CPU.ActiveCfg = Debug|x64
		{10F946A1-4572-4F73-B4DD-916D905408FF}.Debug|Any CPU.Build.0 = Debug|x64
		{10F946A1-4572-4F73-B4DD-916D905408FF}.Debug|Any CPU.Deploy.0 = Debug|x64
		{10F946A1-4572-4F73-B4DD-916D905408FF}.Release|Any CPU.ActiveCfg = Release|x64
		{10F946A1-4572-4F73-B4DD-916D905408FF}.Release|Any CPU.Build.0 = Release|x64
		{10F946A1-4572-4F73-B4DD-916D905408FF}.Release|Any CPU.Deploy.0 = Release|x64
	EndGlobalSection
	GlobalSection(SolutionProperties) = preSolution
		HideSolutionNode = FALSE
	EndGlobalSection
	GlobalSection(ExtensibilityGlobals) = postSolution
		SolutionGuid = {F1B97C18-3EF8-4D94-A011-B9F6258DD544}
	EndGlobalSection
EndGlobal
